// !$*UTF8*$!
{
	archiveVersion = 1;
	classes = {
	};
	objectVersion = 50;
	objects = {

/* Begin PBXBuildFile section */
		6A9DAAC525A6C2D500EE3518 /* AppDelegate.swift in Sources */ = {isa = PBXBuildFile; fileRef = 6A9DAAC425A6C2D500EE3518 /* AppDelegate.swift */; };
		6A9DAAC725A6C2D500EE3518 /* SceneDelegate.swift in Sources */ = {isa = PBXBuildFile; fileRef = 6A9DAAC625A6C2D500EE3518 /* SceneDelegate.swift */; };
		6A9DAAC925A6C2D500EE3518 /* ViewController.swift in Sources */ = {isa = PBXBuildFile; fileRef = 6A9DAAC825A6C2D500EE3518 /* ViewController.swift */; };
		6A9DAACC25A6C2D500EE3518 /* Main.storyboard in Resources */ = {isa = PBXBuildFile; fileRef = 6A9DAACA25A6C2D500EE3518 /* Main.storyboard */; };
		6A9DAACE25A6C2DB00EE3518 /* Assets.xcassets in Resources */ = {isa = PBXBuildFile; fileRef = 6A9DAACD25A6C2DB00EE3518 /* Assets.xcassets */; };
		6A9DAAD125A6C2DB00EE3518 /* LaunchScreen.storyboard in Resources */ = {isa = PBXBuildFile; fileRef = 6A9DAACF25A6C2DB00EE3518 /* LaunchScreen.storyboard */; };
		6A9DAAD925A6DE1800EE3518 /* GoogleService-Info.plist in Resources */ = {isa = PBXBuildFile; fileRef = 6A9DAAD825A6DE1800EE3518 /* GoogleService-Info.plist */; };
		715738E5167CA79D780B0B24 /* Pods_Location_Service.framework in Frameworks */ = {isa = PBXBuildFile; fileRef = ABD1552E4A647B93E9D60FA7 /* Pods_Location_Service.framework */; };
/* End PBXBuildFile section */

/* Begin PBXFileReference section */
		6A9DAAC125A6C2D500EE3518 /* Location Service.app */ = {isa = PBXFileReference; explicitFileType = wrapper.application; includeInIndex = 0; path = "Location Service.app"; sourceTree = BUILT_PRODUCTS_DIR; };
		6A9DAAC425A6C2D500EE3518 /* AppDelegate.swift */ = {isa = PBXFileReference; lastKnownFileType = sourcecode.swift; path = AppDelegate.swift; sourceTree = "<group>"; };
		6A9DAAC625A6C2D500EE3518 /* SceneDelegate.swift */ = {isa = PBXFileReference; lastKnownFileType = sourcecode.swift; path = SceneDelegate.swift; sourceTree = "<group>"; };
		6A9DAAC825A6C2D500EE3518 /* ViewController.swift */ = {isa = PBXFileReference; lastKnownFileType = sourcecode.swift; path = ViewController.swift; sourceTree = "<group>"; };
		6A9DAACB25A6C2D500EE3518 /* Base */ = {isa = PBXFileReference; lastKnownFileType = file.storyboard; name = Base; path = Base.lproj/Main.storyboard; sourceTree = "<group>"; };
		6A9DAACD25A6C2DB00EE3518 /* Assets.xcassets */ = {isa = PBXFileReference; lastKnownFileType = folder.assetcatalog; path = Assets.xcassets; sourceTree = "<group>"; };
		6A9DAAD025A6C2DB00EE3518 /* Base */ = {isa = PBXFileReference; lastKnownFileType = file.storyboard; name = Base; path = Base.lproj/LaunchScreen.storyboard; sourceTree = "<group>"; };
		6A9DAAD225A6C2DB00EE3518 /* Info.plist */ = {isa = PBXFileReference; lastKnownFileType = text.plist.xml; path = Info.plist; sourceTree = "<group>"; };
		6A9DAAD825A6DE1800EE3518 /* GoogleService-Info.plist */ = {isa = PBXFileReference; fileEncoding = 4; lastKnownFileType = text.plist.xml; name = "GoogleService-Info.plist"; path = "../../../../Downloads/GoogleService-Info.plist"; sourceTree = "<group>"; };
		9814F7442240C5909001374C /* Pods-Location Service.debug.xcconfig */ = {isa = PBXFileReference; includeInIndex = 1; lastKnownFileType = text.xcconfig; name = "Pods-Location Service.debug.xcconfig"; path = "Target Support Files/Pods-Location Service/Pods-Location Service.debug.xcconfig"; sourceTree = "<group>"; };
		ABD1552E4A647B93E9D60FA7 /* Pods_Location_Service.framework */ = {isa = PBXFileReference; explicitFileType = wrapper.framework; includeInIndex = 0; path = Pods_Location_Service.framework; sourceTree = BUILT_PRODUCTS_DIR; };
		F11DC0D42263177D0DEEB04F /* Pods-Location Service.release.xcconfig */ = {isa = PBXFileReference; includeInIndex = 1; lastKnownFileType = text.xcconfig; name = "Pods-Location Service.release.xcconfig"; path = "Target Support Files/Pods-Location Service/Pods-Location Service.release.xcconfig"; sourceTree = "<group>"; };
/* End PBXFileReference section */

/* Begin PBXFrameworksBuildPhase section */
		6A9DAABE25A6C2D500EE3518 /* Frameworks */ = {
			isa = PBXFrameworksBuildPhase;
			buildActionMask = 2147483647;
			files = (
				715738E5167CA79D780B0B24 /* Pods_Location_Service.framework in Frameworks */,
			);
			runOnlyForDeploymentPostprocessing = 0;
		};
/* End PBXFrameworksBuildPhase section */

/* Begin PBXGroup section */
		321A7344C2F6D4914522E639 /* Frameworks */ = {
			isa = PBXGroup;
			children = (
				ABD1552E4A647B93E9D60FA7 /* Pods_Location_Service.framework */,
			);
			name = Frameworks;
			sourceTree = "<group>";
		};
		5EF5618FF4D280E7D1E83BF8 /* Pods */ = {
			isa = PBXGroup;
			children = (
				9814F7442240C5909001374C /* Pods-Location Service.debug.xcconfig */,
				F11DC0D42263177D0DEEB04F /* Pods-Location Service.release.xcconfig */,
			);
			name = Pods;
			path = Pods;
			sourceTree = "<group>";
		};
		6A9DAAB825A6C2D500EE3518 = {
			isa = PBXGroup;
			children = (
				6A9DAAC325A6C2D500EE3518 /* Location Service */,
				6A9DAAC225A6C2D500EE3518 /* Products */,
				5EF5618FF4D280E7D1E83BF8 /* Pods */,
				321A7344C2F6D4914522E639 /* Frameworks */,
			);
			sourceTree = "<group>";
		};
		6A9DAAC225A6C2D500EE3518 /* Products */ = {
			isa = PBXGroup;
			children = (
				6A9DAAC125A6C2D500EE3518 /* Location Service.app */,
			);
			name = Products;
			sourceTree = "<group>";
		};
		6A9DAAC325A6C2D500EE3518 /* Location Service */ = {
			isa = PBXGroup;
			children = (
				6A9DAAC425A6C2D500EE3518 /* AppDelegate.swift */,
				6A9DAAC625A6C2D500EE3518 /* SceneDelegate.swift */,
				6A9DAAC825A6C2D500EE3518 /* ViewController.swift */,
				6A9DAACA25A6C2D500EE3518 /* Main.storyboard */,
				6A9DAACD25A6C2DB00EE3518 /* Assets.xcassets */,
				6A9DAACF25A6C2DB00EE3518 /* LaunchScreen.storyboard */,
				6A9DAAD225A6C2DB00EE3518 /* Info.plist */,
				6A9DAAD825A6DE1800EE3518 /* GoogleService-Info.plist */,
			);
			path = "Location Service";
			sourceTree = "<group>";
		};
/* End PBXGroup section */

/* Begin PBXNativeTarget section */
		6A9DAAC025A6C2D500EE3518 /* Location Service */ = {
			isa = PBXNativeTarget;
			buildConfigurationList = 6A9DAAD525A6C2DB00EE3518 /* Build configuration list for PBXNativeTarget "Location Service" */;
			buildPhases = (
				5318DB3C5F602EE5713F4F4C /* [CP] Check Pods Manifest.lock */,
				6A9DAABD25A6C2D500EE3518 /* Sources */,
				6A9DAABE25A6C2D500EE3518 /* Frameworks */,
				6A9DAABF25A6C2D500EE3518 /* Resources */,
				DB438FD88F4D401CAE85EC8B /* [CP] Embed Pods Frameworks */,
			);
			buildRules = (
			);
			dependencies = (
			);
			name = "Location Service";
			productName = "Location Service";
			productReference = 6A9DAAC125A6C2D500EE3518 /* Location Service.app */;
			productType = "com.apple.product-type.application";
		};
/* End PBXNativeTarget section */

/* Begin PBXProject section */
		6A9DAAB925A6C2D500EE3518 /* Project object */ = {
			isa = PBXProject;
			attributes = {
				LastSwiftUpdateCheck = 1170;
				LastUpgradeCheck = 1170;
				ORGANIZATIONNAME = IDOUDA;
				TargetAttributes = {
					6A9DAAC025A6C2D500EE3518 = {
						CreatedOnToolsVersion = 11.7;
					};
				};
			};
			buildConfigurationList = 6A9DAABC25A6C2D500EE3518 /* Build configuration list for PBXProject "Location Service" */;
			compatibilityVersion = "Xcode 9.3";
			developmentRegion = en;
			hasScannedForEncodings = 0;
			knownRegions = (
				en,
				Base,
			);
			mainGroup = 6A9DAAB825A6C2D500EE3518;
			productRefGroup = 6A9DAAC225A6C2D500EE3518 /* Products */;
			projectDirPath = "";
			projectRoot = "";
			targets = (
				6A9DAAC025A6C2D500EE3518 /* Location Service */,
			);
		};
/* End PBXProject section */

/* Begin PBXResourcesBuildPhase section */
		6A9DAABF25A6C2D500EE3518 /* Resources */ = {
			isa = PBXResourcesBuildPhase;
			buildActionMask = 2147483647;
			files = (
				6A9DAAD125A6C2DB00EE3518 /* LaunchScreen.storyboard in Resources */,
				6A9DAAD925A6DE1800EE3518 /* GoogleService-Info.plist in Resources */,
				6A9DAACE25A6C2DB00EE3518 /* Assets.xcassets in Resources */,
				6A9DAACC25A6C2D500EE3518 /* Main.storyboard in Resources */,
			);
			runOnlyForDeploymentPostprocessing = 0;
		};
/* End PBXResourcesBuildPhase section */

/* Begin PBXShellScriptBuildPhase section */
		5318DB3C5F602EE5713F4F4C /* [CP] Check Pods Manifest.lock */ = {
			isa = PBXShellScriptBuildPhase;
			buildActionMask = 2147483647;
			files = (
			);
			inputFileListPaths = (
			);
			inputPaths = (
				"${PODS_PODFILE_DIR_PATH}/Podfile.lock",
				"${PODS_ROOT}/Manifest.lock",
			);
			name = "[CP] Check Pods Manifest.lock";
			outputFileListPaths = (
			);
			outputPaths = (
				"$(DERIVED_FILE_DIR)/Pods-Location Service-checkManifestLockResult.txt",
			);
			runOnlyForDeploymentPostprocessing = 0;
			shellPath = /bin/sh;
			shellScript = "diff \"${PODS_PODFILE_DIR_PATH}/Podfile.lock\" \"${PODS_ROOT}/Manifest.lock\" > /dev/null\nif [ $? != 0 ] ; then\n    # print error to STDERR\n    echo \"error: The sandbox is not in sync with the Podfile.lock. Run 'pod install' or update your CocoaPods installation.\" >&2\n    exit 1\nfi\n# This output is used by Xcode 'outputs' to avoid re-running this script phase.\necho \"SUCCESS\" > \"${SCRIPT_OUTPUT_FILE_0}\"\n";
			showEnvVarsInLog = 0;
		};
		DB438FD88F4D401CAE85EC8B /* [CP] Embed Pods Frameworks */ = {
			isa = PBXShellScriptBuildPhase;
			buildActionMask = 2147483647;
			files = (
			);
			inputFileListPaths = (
				"${PODS_ROOT}/Target Support Files/Pods-Location Service/Pods-Location Service-frameworks-${CONFIGURATION}-input-files.xcfilelist",
			);
			name = "[CP] Embed Pods Frameworks";
			outputFileListPaths = (
				"${PODS_ROOT}/Target Support Files/Pods-Location Service/Pods-Location Service-frameworks-${CONFIGURATION}-output-files.xcfilelist",
			);
			runOnlyForDeploymentPostprocessing = 0;
			shellPath = /bin/sh;
			shellScript = "\"${PODS_ROOT}/Target Support Files/Pods-Location Service/Pods-Location Service-frameworks.sh\"\n";
			showEnvVarsInLog = 0;
		};
/* End PBXShellScriptBuildPhase section */

/* Begin PBXSourcesBuildPhase section */
		6A9DAABD25A6C2D500EE3518 /* Sources */ = {
			isa = PBXSourcesBuildPhase;
			buildActionMask = 2147483647;
			files = (
				6A9DAAC925A6C2D500EE3518 /* ViewController.swift in Sources */,
				6A9DAAC525A6C2D500EE3518 /* AppDelegate.swift in Sources */,
				6A9DAAC725A6C2D500EE3518 /* SceneDelegate.swift in Sources */,
			);
			runOnlyForDeploymentPostprocessing = 0;
		};
/* End PBXSourcesBuildPhase section */

/* Begin PBXVariantGroup section */
		6A9DAACA25A6C2D500EE3518 /* Main.storyboard */ = {
			isa = PBXVariantGroup;
			children = (
				6A9DAACB25A6C2D500EE3518 /* Base */,
			);
			name = Main.storyboard;
			sourceTree = "<group>";
		};
		6A9DAACF25A6C2DB00EE3518 /* LaunchScreen.storyboard */ = {
			isa = PBXVariantGroup;
			children = (
				6A9DAAD025A6C2DB00EE3518 /* Base */,
			);
			name = LaunchScreen.storyboard;
			sourceTree = "<group>";
		};
/* End PBXVariantGroup section */

/* Begin XCBuildConfiguration section */
		6A9DAAD325A6C2DB00EE3518 /* Debug */ = {
			isa = XCBuildConfiguration;
			buildSettings = {
				ALWAYS_SEARCH_USER_PATHS = NO;
				CLANG_ANALYZER_NONNULL = YES;
				CLANG_ANALYZER_NUMBER_OBJECT_CONVERSION = YES_AGGRESSIVE;
				CLANG_CXX_LANGUAGE_STANDARD = "gnu++14";
				CLANG_CXX_LIBRARY = "libc++";
				CLANG_ENABLE_MODULES = YES;
				CLANG_ENABLE_OBJC_ARC = YES;
				CLANG_ENABLE_OBJC_WEAK = YES;
				CLANG_WARN_BLOCK_CAPTURE_AUTORELEASING = YES;
				CLANG_WARN_BOOL_CONVERSION = YES;
				CLANG_WARN_COMMA = YES;
				CLANG_WARN_CONSTANT_CONVERSION = YES;
				CLANG_WARN_DEPRECATED_OBJC_IMPLEMENTATIONS = YES;
				CLANG_WARN_DIRECT_OBJC_ISA_USAGE = YES_ERROR;
				CLANG_WARN_DOCUMENTATION_COMMENTS = YES;
				CLANG_WARN_EMPTY_BODY = YES;
				CLANG_WARN_ENUM_CONVERSION = YES;
				CLANG_WARN_INFINITE_RECURSION = YES;
				CLANG_WARN_INT_CONVERSION = YES;
				CLANG_WARN_NON_LITERAL_NULL_CONVERSION = YES;
				CLANG_WARN_OBJC_IMPLICIT_RETAIN_SELF = YES;
				CLANG_WARN_OBJC_LITERAL_CONVERSION = YES;
				CLANG_WARN_OBJC_ROOT_CLASS = YES_ERROR;
				CLANG_WARN_RANGE_LOOP_ANALYSIS = YES;
				CLANG_WARN_STRICT_PROTOTYPES = YES;
				CLANG_WARN_SUSPICIOUS_MOVE = YES;
				CLANG_WARN_UNGUARDED_AVAILABILITY = YES_AGGRESSIVE;
				CLANG_WARN_UNREACHABLE_CODE = YES;
				CLANG_WARN__DUPLICATE_METHOD_MATCH = YES;
				COPY_PHASE_STRIP = NO;
				DEBUG_INFORMATION_FORMAT = dwarf;
				ENABLE_STRICT_OBJC_MSGSEND = YES;
				ENABLE_TESTABILITY = YES;
				GCC_C_LANGUAGE_STANDARD = gnu11;
				GCC_DYNAMIC_NO_PIC = NO;
				GCC_NO_COMMON_BLOCKS = YES;
				GCC_OPTIMIZATION_LEVEL = 0;
				GCC_PREPROCESSOR_DEFINITIONS = (
					"DEBUG=1",
					"$(inherited)",
				);
				GCC_WARN_64_TO_32_BIT_CONVERSION = YES;
				GCC_WARN_ABOUT_RETURN_TYPE = YES_ERROR;
				GCC_WARN_UNDECLARED_SELECTOR = YES;
				GCC_WARN_UNINITIALIZED_AUTOS = YES_AGGRESSIVE;
				GCC_WARN_UNUSED_FUNCTION = YES;
				GCC_WARN_UNUSED_VARIABLE = YES;
				IPHONEOS_DEPLOYMENT_TARGET = 13.7;
				MTL_ENABLE_DEBUG_INFO = INCLUDE_SOURCE;
				MTL_FAST_MATH = YES;
				ONLY_ACTIVE_ARCH = YES;
				SDKROOT = iphoneos;
				SWIFT_ACTIVE_COMPILATION_CONDITIONS = DEBUG;
				SWIFT_OPTIMIZATION_LEVEL = "-Onone";
			};
			name = Debug;
		};
		6A9DAAD425A6C2DB00EE3518 /* Release */ = {
			isa = XCBuildConfiguration;
			buildSettings = {
				ALWAYS_SEARCH_USER_PATHS = NO;
				CLANG_ANALYZER_NONNULL = YES;
				CLANG_ANALYZER_NUMBER_OBJECT_CONVERSION = YES_AGGRESSIVE;
				CLANG_CXX_LANGUAGE_STANDARD = "gnu++14";
				CLANG_CXX_LIBRARY = "libc++";
				CLANG_ENABLE_MODULES = YES;
				CLANG_ENABLE_OBJC_ARC = YES;
				CLANG_ENABLE_OBJC_WEAK = YES;
				CLANG_WARN_BLOCK_CAPTURE_AUTORELEASING = YES;
				CLANG_WARN_BOOL_CONVERSION = YES;
				CLANG_WARN_COMMA = YES;
				CLANG_WARN_CONSTANT_CONVERSION = YES;
				CLANG_WARN_DEPRECATED_OBJC_IMPLEMENTATIONS = YES;
				CLANG_WARN_DIRECT_OBJC_ISA_USAGE = YES_ERROR;
				CLANG_WARN_DOCUMENTATION_COMMENTS = YES;
				CLANG_WARN_EMPTY_BODY = YES;
				CLANG_WARN_ENUM_CONVERSION = YES;
				CLANG_WARN_INFINITE_RECURSION = YES;
				CLANG_WARN_INT_CONVERSION = YES;
				CLANG_WARN_NON_LITERAL_NULL_CONVERSION = YES;
				CLANG_WARN_OBJC_IMPLICIT_RETAIN_SELF = YES;
				CLANG_WARN_OBJC_LITERAL_CONVERSION = YES;
				CLANG_WARN_OBJC_ROOT_CLASS = YES_ERROR;
				CLANG_WARN_RANGE_LOOP_ANALYSIS = YES;
				CLANG_WARN_STRICT_PROTOTYPES = YES;
				CLANG_WARN_SUSPICIOUS_MOVE = YES;
				CLANG_WARN_UNGUARDED_AVAILABILITY = YES_AGGRESSIVE;
				CLANG_WARN_UNREACHABLE_CODE = YES;
				CLANG_WARN__DUPLICATE_METHOD_MATCH = YES;
				COPY_PHASE_STRIP = NO;
				DEBUG_INFORMATION_FORMAT = "dwarf-with-dsym";
				ENABLE_NS_ASSERTIONS = NO;
				ENABLE_STRICT_OBJC_MSGSEND = YES;
				GCC_C_LANGUAGE_STANDARD = gnu11;
				GCC_NO_COMMON_BLOCKS = YES;
				GCC_WARN_64_TO_32_BIT_CONVERSION = YES;
				GCC_WARN_ABOUT_RETURN_TYPE = YES_ERROR;
				GCC_WARN_UNDECLARED_SELECTOR = YES;
				GCC_WARN_UNINITIALIZED_AUTOS = YES_AGGRESSIVE;
				GCC_WARN_UNUSED_FUNCTION = YES;
				GCC_WARN_UNUSED_VARIABLE = YES;
				IPHONEOS_DEPLOYMENT_TARGET = 13.7;
				MTL_ENABLE_DEBUG_INFO = NO;
				MTL_FAST_MATH = YES;
				SDKROOT = iphoneos;
				SWIFT_COMPILATION_MODE = wholemodule;
				SWIFT_OPTIMIZATION_LEVEL = "-O";
				VALIDATE_PRODUCT = YES;
			};
			name = Release;
		};
		6A9DAAD625A6C2DB00EE3518 /* Debug */ = {
			isa = XCBuildConfiguration;
			baseConfigurationReference = 9814F7442240C5909001374C /* Pods-Location Service.debug.xcconfig */;
			buildSettings = {
				ASSETCATALOG_COMPILER_APPICON_NAME = AppIcon;
				CODE_SIGN_STYLE = Automatic;
				DEVELOPMENT_TEAM = YJ8K5NG3SQ;
				INFOPLIST_FILE = "Location Service/Info.plist";
				IPHONEOS_DEPLOYMENT_TARGET = 13.7;
				LD_RUNPATH_SEARCH_PATHS = (
					"$(inherited)",
					"@executable_path/Frameworks",
				);
				PRODUCT_BUNDLE_IDENTIFIER = "com.idouda.Location-Service";
				PRODUCT_NAME = "$(TARGET_NAME)";
				SWIFT_VERSION = 5.0;
				TARGETED_DEVICE_FAMILY = "1,2";
			};
			name = Debug;
		};
		6A9DAAD725A6C2DB00EE3518 /* Release */ = {
			isa = XCBuildConfiguration;
			baseConfigurationReference = F11DC0D42263177D0DEEB04F /* Pods-Location Service.release.xcconfig */;
			buildSettings = {
				ASSETCATALOG_COMPILER_APPICON_NAME = AppIcon;
				CODE_SIGN_STYLE = Automatic;
				DEVELOPMENT_TEAM = YJ8K5NG3SQ;
				INFOPLIST_FILE = "Location Service/Info.plist";
				IPHONEOS_DEPLOYMENT_TARGET = 13.7;
				LD_RUNPATH_SEARCH_PATHS = (
					"$(inherited)",
					"@executable_path/Frameworks",
				);
				PRODUCT_BUNDLE_IDENTIFIER = "com.idouda.Location-Service";
				PRODUCT_NAME = "$(TARGET_NAME)";
				SWIFT_VERSION = 5.0;
				TARGETED_DEVICE_FAMILY = "1,2";
			};
			name = Release;
		};
/* End XCBuildConfiguration section */

/* Begin XCConfigurationList section */
		6A9DAABC25A6C2D500EE3518 /* Build configuration list for PBXProject "Location Service" */ = {
			isa = XCConfigurationList;
			buildConfigurations = (
				6A9DAAD325A6C2DB00EE3518 /* Debug */,
				6A9DAAD425A6C2DB00EE3518 /* Release */,
			);
			defaultConfigurationIsVisible = 0;
			defaultConfigurationName = Release;
		};
		6A9DAAD525A6C2DB00EE3518 /* Build configuration list for PBXNativeTarget "Location Service" */ = {
			isa = XCConfigurationList;
			buildConfigurations = (
				6A9DAAD625A6C2DB00EE3518 /* Debug */,
				6A9DAAD725A6C2DB00EE3518 /* Release */,
			);
			defaultConfigurationIsVisible = 0;
			defaultConfigurationName = Release;
		};
/* End XCConfigurationList section */
	};
	rootObject = 6A9DAAB925A6C2D500EE3518 /* Project object */;
}
